# This file is generated by running "yarn install" inside your project.
# Manual changes might be lost - proceed with caution!

__metadata:
  version: 5
  cacheKey: 8

"lodash@npm:4.17.19":
  version: 4.17.19
  resolution: "lodash@npm:4.17.19"
  checksum: a5cc77099fae9f0052003e8242b06d7572be7c88cbe5152ddf5a3d97bc795cfaf73f10befeb6e23efac84fae94e2255d398cb371349cb3f878c9792a0213cacd
  languageName: node
  linkType: hard

"sub-package-35e89c@workspace:sub-package":
  version: 0.0.0-use.local
  resolution: "sub-package-35e89c@workspace:sub-package"
  dependencies:
    lodash: 4.17.19
  languageName: unknown
  linkType: soft

"yarn-workspace-security-test@workspace:.":
  version: 0.0.0-use.local
  resolution: "yarn-workspace-security-test@workspace:."
  languageName: unknown
  linkType: soft
